// !$*UTF8*$!
{
	archiveVersion = 1;
	classes = {
	};
	objectVersion = 56;
	objects = {

/* Begin PBXBuildFile section */
		CB1C1F303DC49205A064C764 /* Pods_Homeworx.framework in Frameworks */ = {isa = PBXBuildFile; fileRef = 049F9B2D5DDF6129EF3FB890 /* Pods_Homeworx.framework */; };
		CE7B5DC72A56C53700F0CE4B /* Extensions.swift in Sources */ = {isa = PBXBuildFile; fileRef = CE7B5DC62A56C53700F0CE4B /* Extensions.swift */; };
		CE89BA702A99F49300769F08 /* ProfileHeaderView.swift in Sources */ = {isa = PBXBuildFile; fileRef = CE89BA6F2A99F49300769F08 /* ProfileHeaderView.swift */; };
		CE8DB7102A50652A00AF73C1 /* AppDelegate.swift in Sources */ = {isa = PBXBuildFile; fileRef = CE8DB70F2A50652A00AF73C1 /* AppDelegate.swift */; };
		CE8DB7122A50652A00AF73C1 /* SceneDelegate.swift in Sources */ = {isa = PBXBuildFile; fileRef = CE8DB7112A50652A00AF73C1 /* SceneDelegate.swift */; };
		CE8DB7142A50652A00AF73C1 /* MainTabController.swift in Sources */ = {isa = PBXBuildFile; fileRef = CE8DB7132A50652A00AF73C1 /* MainTabController.swift */; };
		CE8DB7192A50652C00AF73C1 /* Assets.xcassets in Resources */ = {isa = PBXBuildFile; fileRef = CE8DB7182A50652C00AF73C1 /* Assets.xcassets */; };
		CE8DB71C2A50652C00AF73C1 /* LaunchScreen.storyboard in Resources */ = {isa = PBXBuildFile; fileRef = CE8DB71A2A50652C00AF73C1 /* LaunchScreen.storyboard */; };
		CE8DB7292A506BEE00AF73C1 /* HomeController.swift in Sources */ = {isa = PBXBuildFile; fileRef = CE8DB7282A506BEE00AF73C1 /* HomeController.swift */; };
		CE8DB72B2A506C4400AF73C1 /* SearchController.swift in Sources */ = {isa = PBXBuildFile; fileRef = CE8DB72A2A506C4400AF73C1 /* SearchController.swift */; };
		CE8DB72D2A506CB200AF73C1 /* PostServicesController.swift in Sources */ = {isa = PBXBuildFile; fileRef = CE8DB72C2A506CB200AF73C1 /* PostServicesController.swift */; };
		CE8DB72F2A5070B700AF73C1 /* SavedController.swift in Sources */ = {isa = PBXBuildFile; fileRef = CE8DB72E2A5070B700AF73C1 /* SavedController.swift */; };
		CE8DB7312A50713000AF73C1 /* ProfileController.swift in Sources */ = {isa = PBXBuildFile; fileRef = CE8DB7302A50713000AF73C1 /* ProfileController.swift */; };
		CE90AA4A2A7E05C8009D390D /* GoogleService-Info.plist in Resources */ = {isa = PBXBuildFile; fileRef = CE90AA492A7E05C8009D390D /* GoogleService-Info.plist */; };
		CE9ADC9E2A5D9137007AAB33 /* LoginController.swift in Sources */ = {isa = PBXBuildFile; fileRef = CE9ADC9D2A5D9137007AAB33 /* LoginController.swift */; };
		CE9ADCA02A5D9158007AAB33 /* RegistrationController.swift in Sources */ = {isa = PBXBuildFile; fileRef = CE9ADC9F2A5D9158007AAB33 /* RegistrationController.swift */; };
		CE9ADCA22A5EC067007AAB33 /* CustomTextField.swift in Sources */ = {isa = PBXBuildFile; fileRef = CE9ADCA12A5EC067007AAB33 /* CustomTextField.swift */; };
		CE9C65EC2A9AF3BF00ABFF6D /* AuthService.swift in Sources */ = {isa = PBXBuildFile; fileRef = CE9C65EB2A9AF3BF00ABFF6D /* AuthService.swift */; };
		CE9D45412A512418000B1518 /* ServicesButton.swift in Sources */ = {isa = PBXBuildFile; fileRef = CE9D45402A512418000B1518 /* ServicesButton.swift */; };
		CEA1A25F2A8BC30100B7ED8F /* MessageController.swift in Sources */ = {isa = PBXBuildFile; fileRef = CEA1A25E2A8BC30100B7ED8F /* MessageController.swift */; };
		CEA200632AAD72C4002AC46C /* ImageUploader.swift in Sources */ = {isa = PBXBuildFile; fileRef = CEA200622AAD72C4002AC46C /* ImageUploader.swift */; };
		CEB736DB2AE34B050044F81A /* ProfileFooterView.swift in Sources */ = {isa = PBXBuildFile; fileRef = CEB736DA2AE34B050044F81A /* ProfileFooterView.swift */; };
		CEBFE5F12A6BC18D008F8C3A /* LoginViewModel.swift in Sources */ = {isa = PBXBuildFile; fileRef = CEBFE5F02A6BC18D008F8C3A /* LoginViewModel.swift */; };
		CEBFE5F32A6BD753008F8C3A /* RegistrationViewModel.swift in Sources */ = {isa = PBXBuildFile; fileRef = CEBFE5F22A6BD753008F8C3A /* RegistrationViewModel.swift */; };
		CEE4DE4A2ACC0A8E00D732F0 /* ProfileTableViewCell.swift in Sources */ = {isa = PBXBuildFile; fileRef = CEE4DE492ACC0A8E00D732F0 /* ProfileTableViewCell.swift */; };
/* End PBXBuildFile section */

/* Begin PBXFileReference section */
		049F9B2D5DDF6129EF3FB890 /* Pods_Homeworx.framework */ = {isa = PBXFileReference; explicitFileType = wrapper.framework; includeInIndex = 0; path = Pods_Homeworx.framework; sourceTree = BUILT_PRODUCTS_DIR; };
		461B7CFC00C42680FEE8156F /* Pods-Homeworx.release.xcconfig */ = {isa = PBXFileReference; includeInIndex = 1; lastKnownFileType = text.xcconfig; name = "Pods-Homeworx.release.xcconfig"; path = "Target Support Files/Pods-Homeworx/Pods-Homeworx.release.xcconfig"; sourceTree = "<group>"; };
		5667543C4E8A0C1908FF212A /* Pods-Homeworx.debug.xcconfig */ = {isa = PBXFileReference; includeInIndex = 1; lastKnownFileType = text.xcconfig; name = "Pods-Homeworx.debug.xcconfig"; path = "Target Support Files/Pods-Homeworx/Pods-Homeworx.debug.xcconfig"; sourceTree = "<group>"; };
		CE7B5DC62A56C53700F0CE4B /* Extensions.swift */ = {isa = PBXFileReference; lastKnownFileType = sourcecode.swift; path = Extensions.swift; sourceTree = "<group>"; };
		CE89BA6F2A99F49300769F08 /* ProfileHeaderView.swift */ = {isa = PBXFileReference; lastKnownFileType = sourcecode.swift; path = ProfileHeaderView.swift; sourceTree = "<group>"; };
		CE8DB70C2A50652A00AF73C1 /* Homeworx.app */ = {isa = PBXFileReference; explicitFileType = wrapper.application; includeInIndex = 0; path = Homeworx.app; sourceTree = BUILT_PRODUCTS_DIR; };
		CE8DB70F2A50652A00AF73C1 /* AppDelegate.swift */ = {isa = PBXFileReference; lastKnownFileType = sourcecode.swift; path = AppDelegate.swift; sourceTree = "<group>"; };
		CE8DB7112A50652A00AF73C1 /* SceneDelegate.swift */ = {isa = PBXFileReference; lastKnownFileType = sourcecode.swift; path = SceneDelegate.swift; sourceTree = "<group>"; };
		CE8DB7132A50652A00AF73C1 /* MainTabController.swift */ = {isa = PBXFileReference; lastKnownFileType = sourcecode.swift; path = MainTabController.swift; sourceTree = "<group>"; };
		CE8DB7182A50652C00AF73C1 /* Assets.xcassets */ = {isa = PBXFileReference; lastKnownFileType = folder.assetcatalog; path = Assets.xcassets; sourceTree = "<group>"; };
		CE8DB71B2A50652C00AF73C1 /* Base */ = {isa = PBXFileReference; lastKnownFileType = file.storyboard; name = Base; path = Base.lproj/LaunchScreen.storyboard; sourceTree = "<group>"; };
		CE8DB71D2A50652C00AF73C1 /* Info.plist */ = {isa = PBXFileReference; lastKnownFileType = text.plist.xml; path = Info.plist; sourceTree = "<group>"; };
		CE8DB7282A506BEE00AF73C1 /* HomeController.swift */ = {isa = PBXFileReference; lastKnownFileType = sourcecode.swift; path = HomeController.swift; sourceTree = "<group>"; };
		CE8DB72A2A506C4400AF73C1 /* SearchController.swift */ = {isa = PBXFileReference; lastKnownFileType = sourcecode.swift; path = SearchController.swift; sourceTree = "<group>"; };
		CE8DB72C2A506CB200AF73C1 /* PostServicesController.swift */ = {isa = PBXFileReference; lastKnownFileType = sourcecode.swift; path = PostServicesController.swift; sourceTree = "<group>"; };
		CE8DB72E2A5070B700AF73C1 /* SavedController.swift */ = {isa = PBXFileReference; lastKnownFileType = sourcecode.swift; path = SavedController.swift; sourceTree = "<group>"; };
		CE8DB7302A50713000AF73C1 /* ProfileController.swift */ = {isa = PBXFileReference; lastKnownFileType = sourcecode.swift; path = ProfileController.swift; sourceTree = "<group>"; };
		CE90AA492A7E05C8009D390D /* GoogleService-Info.plist */ = {isa = PBXFileReference; lastKnownFileType = text.plist; path = "GoogleService-Info.plist"; sourceTree = SOURCE_ROOT; };
		CE9ADC9D2A5D9137007AAB33 /* LoginController.swift */ = {isa = PBXFileReference; lastKnownFileType = sourcecode.swift; path = LoginController.swift; sourceTree = "<group>"; };
		CE9ADC9F2A5D9158007AAB33 /* RegistrationController.swift */ = {isa = PBXFileReference; lastKnownFileType = sourcecode.swift; path = RegistrationController.swift; sourceTree = "<group>"; };
		CE9ADCA12A5EC067007AAB33 /* CustomTextField.swift */ = {isa = PBXFileReference; lastKnownFileType = sourcecode.swift; path = CustomTextField.swift; sourceTree = "<group>"; };
		CE9C65EB2A9AF3BF00ABFF6D /* AuthService.swift */ = {isa = PBXFileReference; lastKnownFileType = sourcecode.swift; path = AuthService.swift; sourceTree = "<group>"; };
		CE9D45402A512418000B1518 /* ServicesButton.swift */ = {isa = PBXFileReference; lastKnownFileType = sourcecode.swift; path = ServicesButton.swift; sourceTree = "<group>"; };
		CEA1A25E2A8BC30100B7ED8F /* MessageController.swift */ = {isa = PBXFileReference; lastKnownFileType = sourcecode.swift; path = MessageController.swift; sourceTree = "<group>"; };
		CEA200622AAD72C4002AC46C /* ImageUploader.swift */ = {isa = PBXFileReference; lastKnownFileType = sourcecode.swift; path = ImageUploader.swift; sourceTree = "<group>"; };
		CEB736DA2AE34B050044F81A /* ProfileFooterView.swift */ = {isa = PBXFileReference; lastKnownFileType = sourcecode.swift; path = ProfileFooterView.swift; sourceTree = "<group>"; };
		CEBFE5F02A6BC18D008F8C3A /* LoginViewModel.swift */ = {isa = PBXFileReference; lastKnownFileType = sourcecode.swift; path = LoginViewModel.swift; sourceTree = "<group>"; };
		CEBFE5F22A6BD753008F8C3A /* RegistrationViewModel.swift */ = {isa = PBXFileReference; lastKnownFileType = sourcecode.swift; path = RegistrationViewModel.swift; sourceTree = "<group>"; };
		CEE4DE492ACC0A8E00D732F0 /* ProfileTableViewCell.swift */ = {isa = PBXFileReference; lastKnownFileType = sourcecode.swift; path = ProfileTableViewCell.swift; sourceTree = "<group>"; };
/* End PBXFileReference section */

/* Begin PBXFrameworksBuildPhase section */
		CE8DB7092A50652A00AF73C1 /* Frameworks */ = {
			isa = PBXFrameworksBuildPhase;
			buildActionMask = 2147483647;
			files = (
				CB1C1F303DC49205A064C764 /* Pods_Homeworx.framework in Frameworks */,
			);
			runOnlyForDeploymentPostprocessing = 0;
		};
/* End PBXFrameworksBuildPhase section */

/* Begin PBXGroup section */
		6532C774923884F2C8E9E36C /* Frameworks */ = {
			isa = PBXGroup;
			children = (
				049F9B2D5DDF6129EF3FB890 /* Pods_Homeworx.framework */,
			);
			name = Frameworks;
			sourceTree = "<group>";
		};
		903C475AC52111012007A6B7 /* Pods */ = {
			isa = PBXGroup;
			children = (
				5667543C4E8A0C1908FF212A /* Pods-Homeworx.debug.xcconfig */,
				461B7CFC00C42680FEE8156F /* Pods-Homeworx.release.xcconfig */,
			);
			path = Pods;
			sourceTree = "<group>";
		};
		CE8DB7032A50652900AF73C1 = {
			isa = PBXGroup;
			children = (
				CE8DB70E2A50652A00AF73C1 /* Homeworx */,
				CE8DB70D2A50652A00AF73C1 /* Products */,
				903C475AC52111012007A6B7 /* Pods */,
				6532C774923884F2C8E9E36C /* Frameworks */,
			);
			sourceTree = "<group>";
		};
		CE8DB70D2A50652A00AF73C1 /* Products */ = {
			isa = PBXGroup;
			children = (
				CE8DB70C2A50652A00AF73C1 /* Homeworx.app */,
			);
			name = Products;
			sourceTree = "<group>";
		};
		CE8DB70E2A50652A00AF73C1 /* Homeworx */ = {
			isa = PBXGroup;
			children = (
				CE9C65EA2A9AF3A900ABFF6D /* API */,
				CE8DB7272A50698800AF73C1 /* Model */,
				CE8DB7262A50696D00AF73C1 /* View */,
				CE8DB7252A50696400AF73C1 /* ViewModel */,
				CE8DB7242A50695D00AF73C1 /* Controller */,
				CE8DB7232A5068CC00AF73C1 /* Utils */,
				CE8DB71D2A50652C00AF73C1 /* Info.plist */,
				CE90AA492A7E05C8009D390D /* GoogleService-Info.plist */,
			);
			path = Homeworx;
			sourceTree = "<group>";
		};
		CE8DB7232A5068CC00AF73C1 /* Utils */ = {
			isa = PBXGroup;
			children = (
				CE8DB70F2A50652A00AF73C1 /* AppDelegate.swift */,
				CE8DB7112A50652A00AF73C1 /* SceneDelegate.swift */,
				CE7B5DC62A56C53700F0CE4B /* Extensions.swift */,
				CE8DB7182A50652C00AF73C1 /* Assets.xcassets */,
				CE8DB71A2A50652C00AF73C1 /* LaunchScreen.storyboard */,
			);
			path = Utils;
			sourceTree = "<group>";
		};
		CE8DB7242A50695D00AF73C1 /* Controller */ = {
			isa = PBXGroup;
			children = (
				CE9ADC9C2A5D90ED007AAB33 /* Authentication */,
				CE8DB7132A50652A00AF73C1 /* MainTabController.swift */,
				CE8DB7282A506BEE00AF73C1 /* HomeController.swift */,
				CE8DB72A2A506C4400AF73C1 /* SearchController.swift */,
				CE8DB72C2A506CB200AF73C1 /* PostServicesController.swift */,
				CE8DB72E2A5070B700AF73C1 /* SavedController.swift */,
				CE8DB7302A50713000AF73C1 /* ProfileController.swift */,
				CEA1A25E2A8BC30100B7ED8F /* MessageController.swift */,
			);
			path = Controller;
			sourceTree = "<group>";
		};
		CE8DB7252A50696400AF73C1 /* ViewModel */ = {
			isa = PBXGroup;
			children = (
				CEBFE5F02A6BC18D008F8C3A /* LoginViewModel.swift */,
				CEBFE5F22A6BD753008F8C3A /* RegistrationViewModel.swift */,
			);
			path = ViewModel;
			sourceTree = "<group>";
		};
		CE8DB7262A50696D00AF73C1 /* View */ = {
			isa = PBXGroup;
			children = (
				CE9D45402A512418000B1518 /* ServicesButton.swift */,
				CE9ADCA12A5EC067007AAB33 /* CustomTextField.swift */,
				CE89BA6F2A99F49300769F08 /* ProfileHeaderView.swift */,
				CEE4DE492ACC0A8E00D732F0 /* ProfileTableViewCell.swift */,
				CEB736DA2AE34B050044F81A /* ProfileFooterView.swift */,
			);
			path = View;
			sourceTree = "<group>";
		};
		CE8DB7272A50698800AF73C1 /* Model */ = {
			isa = PBXGroup;
			children = (
			);
			path = Model;
			sourceTree = "<group>";
		};
		CE9ADC9C2A5D90ED007AAB33 /* Authentication */ = {
			isa = PBXGroup;
			children = (
				CE9ADC9D2A5D9137007AAB33 /* LoginController.swift */,
				CE9ADC9F2A5D9158007AAB33 /* RegistrationController.swift */,
			);
			path = Authentication;
			sourceTree = "<group>";
		};
		CE9C65EA2A9AF3A900ABFF6D /* API */ = {
			isa = PBXGroup;
			children = (
				CE9C65EB2A9AF3BF00ABFF6D /* AuthService.swift */,
				CEA200622AAD72C4002AC46C /* ImageUploader.swift */,
			);
			path = API;
			sourceTree = "<group>";
		};
/* End PBXGroup section */

/* Begin PBXNativeTarget section */
		CE8DB70B2A50652A00AF73C1 /* Homeworx */ = {
			isa = PBXNativeTarget;
			buildConfigurationList = CE8DB7202A50652C00AF73C1 /* Build configuration list for PBXNativeTarget "Homeworx" */;
			buildPhases = (
				A53981A2177F42B1AC84EB90 /* [CP] Check Pods Manifest.lock */,
				CE8DB7082A50652A00AF73C1 /* Sources */,
				CE8DB7092A50652A00AF73C1 /* Frameworks */,
				CE8DB70A2A50652A00AF73C1 /* Resources */,
				1D2DBDB53189497D437248D8 /* [CP] Embed Pods Frameworks */,
			);
			buildRules = (
			);
			dependencies = (
			);
			name = Homeworx;
			productName = Homeworx;
			productReference = CE8DB70C2A50652A00AF73C1 /* Homeworx.app */;
			productType = "com.apple.product-type.application";
		};
/* End PBXNativeTarget section */

/* Begin PBXProject section */
		CE8DB7042A50652900AF73C1 /* Project object */ = {
			isa = PBXProject;
			attributes = {
				BuildIndependentTargetsInParallel = 1;
				LastSwiftUpdateCheck = 1410;
				LastUpgradeCheck = 1410;
				TargetAttributes = {
					CE8DB70B2A50652A00AF73C1 = {
						CreatedOnToolsVersion = 14.1;
					};
				};
			};
			buildConfigurationList = CE8DB7072A50652900AF73C1 /* Build configuration list for PBXProject "Homeworx" */;
			compatibilityVersion = "Xcode 14.0";
			developmentRegion = en;
			hasScannedForEncodings = 0;
			knownRegions = (
				en,
				Base,
			);
			mainGroup = CE8DB7032A50652900AF73C1;
			productRefGroup = CE8DB70D2A50652A00AF73C1 /* Products */;
			projectDirPath = "";
			projectRoot = "";
			targets = (
				CE8DB70B2A50652A00AF73C1 /* Homeworx */,
			);
		};
/* End PBXProject section */

/* Begin PBXResourcesBuildPhase section */
		CE8DB70A2A50652A00AF73C1 /* Resources */ = {
			isa = PBXResourcesBuildPhase;
			buildActionMask = 2147483647;
			files = (
				CE8DB71C2A50652C00AF73C1 /* LaunchScreen.storyboard in Resources */,
				CE8DB7192A50652C00AF73C1 /* Assets.xcassets in Resources */,
				CE90AA4A2A7E05C8009D390D /* GoogleService-Info.plist in Resources */,
			);
			runOnlyForDeploymentPostprocessing = 0;
		};
/* End PBXResourcesBuildPhase section */

/* Begin PBXShellScriptBuildPhase section */
		1D2DBDB53189497D437248D8 /* [CP] Embed Pods Frameworks */ = {
			isa = PBXShellScriptBuildPhase;
			buildActionMask = 2147483647;
			files = (
			);
			inputFileListPaths = (
				"${PODS_ROOT}/Target Support Files/Pods-Homeworx/Pods-Homeworx-frameworks-${CONFIGURATION}-input-files.xcfilelist",
			);
			name = "[CP] Embed Pods Frameworks";
			outputFileListPaths = (
				"${PODS_ROOT}/Target Support Files/Pods-Homeworx/Pods-Homeworx-frameworks-${CONFIGURATION}-output-files.xcfilelist",
			);
			runOnlyForDeploymentPostprocessing = 0;
			shellPath = /bin/sh;
			shellScript = "\"${PODS_ROOT}/Target Support Files/Pods-Homeworx/Pods-Homeworx-frameworks.sh\"\n";
			showEnvVarsInLog = 0;
		};
		A53981A2177F42B1AC84EB90 /* [CP] Check Pods Manifest.lock */ = {
			isa = PBXShellScriptBuildPhase;
			buildActionMask = 2147483647;
			files = (
			);
			inputFileListPaths = (
			);
			inputPaths = (
				"${PODS_PODFILE_DIR_PATH}/Podfile.lock",
				"${PODS_ROOT}/Manifest.lock",
			);
			name = "[CP] Check Pods Manifest.lock";
			outputFileListPaths = (
			);
			outputPaths = (
				"$(DERIVED_FILE_DIR)/Pods-Homeworx-checkManifestLockResult.txt",
			);
			runOnlyForDeploymentPostprocessing = 0;
			shellPath = /bin/sh;
			shellScript = "diff \"${PODS_PODFILE_DIR_PATH}/Podfile.lock\" \"${PODS_ROOT}/Manifest.lock\" > /dev/null\nif [ $? != 0 ] ; then\n    # print error to STDERR\n    echo \"error: The sandbox is not in sync with the Podfile.lock. Run 'pod install' or update your CocoaPods installation.\" >&2\n    exit 1\nfi\n# This output is used by Xcode 'outputs' to avoid re-running this script phase.\necho \"SUCCESS\" > \"${SCRIPT_OUTPUT_FILE_0}\"\n";
			showEnvVarsInLog = 0;
		};
/* End PBXShellScriptBuildPhase section */

/* Begin PBXSourcesBuildPhase section */
		CE8DB7082A50652A00AF73C1 /* Sources */ = {
			isa = PBXSourcesBuildPhase;
			buildActionMask = 2147483647;
			files = (
				CE9ADCA02A5D9158007AAB33 /* RegistrationController.swift in Sources */,
				CE7B5DC72A56C53700F0CE4B /* Extensions.swift in Sources */,
				CE8DB7292A506BEE00AF73C1 /* HomeController.swift in Sources */,
				CE9C65EC2A9AF3BF00ABFF6D /* AuthService.swift in Sources */,
				CEA200632AAD72C4002AC46C /* ImageUploader.swift in Sources */,
				CEB736DB2AE34B050044F81A /* ProfileFooterView.swift in Sources */,
				CE8DB72B2A506C4400AF73C1 /* SearchController.swift in Sources */,
				CE9ADC9E2A5D9137007AAB33 /* LoginController.swift in Sources */,
				CE8DB72F2A5070B700AF73C1 /* SavedController.swift in Sources */,
				CEBFE5F12A6BC18D008F8C3A /* LoginViewModel.swift in Sources */,
				CE8DB7142A50652A00AF73C1 /* MainTabController.swift in Sources */,
				CE8DB7102A50652A00AF73C1 /* AppDelegate.swift in Sources */,
				CE8DB7122A50652A00AF73C1 /* SceneDelegate.swift in Sources */,
				CE89BA702A99F49300769F08 /* ProfileHeaderView.swift in Sources */,
				CEE4DE4A2ACC0A8E00D732F0 /* ProfileTableViewCell.swift in Sources */,
				CEBFE5F32A6BD753008F8C3A /* RegistrationViewModel.swift in Sources */,
				CEA1A25F2A8BC30100B7ED8F /* MessageController.swift in Sources */,
				CE8DB72D2A506CB200AF73C1 /* PostServicesController.swift in Sources */,
				CE9D45412A512418000B1518 /* ServicesButton.swift in Sources */,
				CE8DB7312A50713000AF73C1 /* ProfileController.swift in Sources */,
				CE9ADCA22A5EC067007AAB33 /* CustomTextField.swift in Sources */,
			);
			runOnlyForDeploymentPostprocessing = 0;
		};
/* End PBXSourcesBuildPhase section */

/* Begin PBXVariantGroup section */
		CE8DB71A2A50652C00AF73C1 /* LaunchScreen.storyboard */ = {
			isa = PBXVariantGroup;
			children = (
				CE8DB71B2A50652C00AF73C1 /* Base */,
			);
			name = LaunchScreen.storyboard;
			sourceTree = "<group>";
		};
/* End PBXVariantGroup section */

/* Begin XCBuildConfiguration section */
		CE8DB71E2A50652C00AF73C1 /* Debug */ = {
			isa = XCBuildConfiguration;
			buildSettings = {
				ALWAYS_SEARCH_USER_PATHS = NO;
				CLANG_ANALYZER_NONNULL = YES;
				CLANG_ANALYZER_NUMBER_OBJECT_CONVERSION = YES_AGGRESSIVE;
				CLANG_CXX_LANGUAGE_STANDARD = "gnu++20";
				CLANG_ENABLE_MODULES = YES;
				CLANG_ENABLE_OBJC_ARC = YES;
				CLANG_ENABLE_OBJC_WEAK = YES;
				CLANG_WARN_BLOCK_CAPTURE_AUTORELEASING = YES;
				CLANG_WARN_BOOL_CONVERSION = YES;
				CLANG_WARN_COMMA = YES;
				CLANG_WARN_CONSTANT_CONVERSION = YES;
				CLANG_WARN_DEPRECATED_OBJC_IMPLEMENTATIONS = YES;
				CLANG_WARN_DIRECT_OBJC_ISA_USAGE = YES_ERROR;
				CLANG_WARN_DOCUMENTATION_COMMENTS = YES;
				CLANG_WARN_EMPTY_BODY = YES;
				CLANG_WARN_ENUM_CONVERSION = YES;
				CLANG_WARN_INFINITE_RECURSION = YES;
				CLANG_WARN_INT_CONVERSION = YES;
				CLANG_WARN_NON_LITERAL_NULL_CONVERSION = YES;
				CLANG_WARN_OBJC_IMPLICIT_RETAIN_SELF = YES;
				CLANG_WARN_OBJC_LITERAL_CONVERSION = YES;
				CLANG_WARN_OBJC_ROOT_CLASS = YES_ERROR;
				CLANG_WARN_QUOTED_INCLUDE_IN_FRAMEWORK_HEADER = YES;
				CLANG_WARN_RANGE_LOOP_ANALYSIS = YES;
				CLANG_WARN_STRICT_PROTOTYPES = YES;
				CLANG_WARN_SUSPICIOUS_MOVE = YES;
				CLANG_WARN_UNGUARDED_AVAILABILITY = YES_AGGRESSIVE;
				CLANG_WARN_UNREACHABLE_CODE = YES;
				CLANG_WARN__DUPLICATE_METHOD_MATCH = YES;
				COPY_PHASE_STRIP = NO;
				DEBUG_INFORMATION_FORMAT = dwarf;
				ENABLE_STRICT_OBJC_MSGSEND = YES;
				ENABLE_TESTABILITY = YES;
				GCC_C_LANGUAGE_STANDARD = gnu11;
				GCC_DYNAMIC_NO_PIC = NO;
				GCC_NO_COMMON_BLOCKS = YES;
				GCC_OPTIMIZATION_LEVEL = 0;
				GCC_PREPROCESSOR_DEFINITIONS = (
					"DEBUG=1",
					"$(inherited)",
				);
				GCC_WARN_64_TO_32_BIT_CONVERSION = YES;
				GCC_WARN_ABOUT_RETURN_TYPE = YES_ERROR;
				GCC_WARN_UNDECLARED_SELECTOR = YES;
				GCC_WARN_UNINITIALIZED_AUTOS = YES_AGGRESSIVE;
				GCC_WARN_UNUSED_FUNCTION = YES;
				GCC_WARN_UNUSED_VARIABLE = YES;
				IPHONEOS_DEPLOYMENT_TARGET = 16.1;
				MTL_ENABLE_DEBUG_INFO = INCLUDE_SOURCE;
				MTL_FAST_MATH = YES;
				ONLY_ACTIVE_ARCH = YES;
				SDKROOT = iphoneos;
				SWIFT_ACTIVE_COMPILATION_CONDITIONS = DEBUG;
				SWIFT_OPTIMIZATION_LEVEL = "-Onone";
			};
			name = Debug;
		};
		CE8DB71F2A50652C00AF73C1 /* Release */ = {
			isa = XCBuildConfiguration;
			buildSettings = {
				ALWAYS_SEARCH_USER_PATHS = NO;
				CLANG_ANALYZER_NONNULL = YES;
				CLANG_ANALYZER_NUMBER_OBJECT_CONVERSION = YES_AGGRESSIVE;
				CLANG_CXX_LANGUAGE_STANDARD = "gnu++20";
				CLANG_ENABLE_MODULES = YES;
				CLANG_ENABLE_OBJC_ARC = YES;
				CLANG_ENABLE_OBJC_WEAK = YES;
				CLANG_WARN_BLOCK_CAPTURE_AUTORELEASING = YES;
				CLANG_WARN_BOOL_CONVERSION = YES;
				CLANG_WARN_COMMA = YES;
				CLANG_WARN_CONSTANT_CONVERSION = YES;
				CLANG_WARN_DEPRECATED_OBJC_IMPLEMENTATIONS = YES;
				CLANG_WARN_DIRECT_OBJC_ISA_USAGE = YES_ERROR;
				CLANG_WARN_DOCUMENTATION_COMMENTS = YES;
				CLANG_WARN_EMPTY_BODY = YES;
				CLANG_WARN_ENUM_CONVERSION = YES;
				CLANG_WARN_INFINITE_RECURSION = YES;
				CLANG_WARN_INT_CONVERSION = YES;
				CLANG_WARN_NON_LITERAL_NULL_CONVERSION = YES;
				CLANG_WARN_OBJC_IMPLICIT_RETAIN_SELF = YES;
				CLANG_WARN_OBJC_LITERAL_CONVERSION = YES;
				CLANG_WARN_OBJC_ROOT_CLASS = YES_ERROR;
				CLANG_WARN_QUOTED_INCLUDE_IN_FRAMEWORK_HEADER = YES;
				CLANG_WARN_RANGE_LOOP_ANALYSIS = YES;
				CLANG_WARN_STRICT_PROTOTYPES = YES;
				CLANG_WARN_SUSPICIOUS_MOVE = YES;
				CLANG_WARN_UNGUARDED_AVAILABILITY = YES_AGGRESSIVE;
				CLANG_WARN_UNREACHABLE_CODE = YES;
				CLANG_WARN__DUPLICATE_METHOD_MATCH = YES;
				COPY_PHASE_STRIP = NO;
				DEBUG_INFORMATION_FORMAT = "dwarf-with-dsym";
				ENABLE_NS_ASSERTIONS = NO;
				ENABLE_STRICT_OBJC_MSGSEND = YES;
				GCC_C_LANGUAGE_STANDARD = gnu11;
				GCC_NO_COMMON_BLOCKS = YES;
				GCC_WARN_64_TO_32_BIT_CONVERSION = YES;
				GCC_WARN_ABOUT_RETURN_TYPE = YES_ERROR;
				GCC_WARN_UNDECLARED_SELECTOR = YES;
				GCC_WARN_UNINITIALIZED_AUTOS = YES_AGGRESSIVE;
				GCC_WARN_UNUSED_FUNCTION = YES;
				GCC_WARN_UNUSED_VARIABLE = YES;
				IPHONEOS_DEPLOYMENT_TARGET = 16.1;
				MTL_ENABLE_DEBUG_INFO = NO;
				MTL_FAST_MATH = YES;
				SDKROOT = iphoneos;
				SWIFT_COMPILATION_MODE = wholemodule;
				SWIFT_OPTIMIZATION_LEVEL = "-O";
				VALIDATE_PRODUCT = YES;
			};
			name = Release;
		};
		CE8DB7212A50652C00AF73C1 /* Debug */ = {
			isa = XCBuildConfiguration;
			baseConfigurationReference = 5667543C4E8A0C1908FF212A /* Pods-Homeworx.debug.xcconfig */;
			buildSettings = {
				ASSETCATALOG_COMPILER_APPICON_NAME = AppIcon;
				ASSETCATALOG_COMPILER_GLOBAL_ACCENT_COLOR_NAME = AccentColor;
				CODE_SIGN_STYLE = Automatic;
				CURRENT_PROJECT_VERSION = 1;
				GENERATE_INFOPLIST_FILE = YES;
				INFOPLIST_FILE = Homeworx/Info.plist;
				INFOPLIST_KEY_CFBundleDisplayName = Homeworx;
				INFOPLIST_KEY_UIApplicationSupportsIndirectInputEvents = YES;
				INFOPLIST_KEY_UILaunchStoryboardName = LaunchScreen;
				INFOPLIST_KEY_UISupportedInterfaceOrientations_iPad = "UIInterfaceOrientationPortrait UIInterfaceOrientationPortraitUpsideDown UIInterfaceOrientationLandscapeLeft UIInterfaceOrientationLandscapeRight";
				INFOPLIST_KEY_UISupportedInterfaceOrientations_iPhone = "UIInterfaceOrientationPortrait UIInterfaceOrientationLandscapeLeft UIInterfaceOrientationLandscapeRight";
				LD_RUNPATH_SEARCH_PATHS = (
					"$(inherited)",
					"@executable_path/Frameworks",
				);
				MARKETING_VERSION = 1.0;
				PRODUCT_BUNDLE_IDENTIFIER = "mhm-productions.Homeworx";
				PRODUCT_NAME = "$(TARGET_NAME)";
				SWIFT_EMIT_LOC_STRINGS = YES;
				SWIFT_VERSION = 5.0;
				TARGETED_DEVICE_FAMILY = "1,2";
			};
			name = Debug;
		};
		CE8DB7222A50652C00AF73C1 /* Release */ = {
			isa = XCBuildConfiguration;
			baseConfigurationReference = 461B7CFC00C42680FEE8156F /* Pods-Homeworx.release.xcconfig */;
			buildSettings = {
				ASSETCATALOG_COMPILER_APPICON_NAME = AppIcon;
				ASSETCATALOG_COMPILER_GLOBAL_ACCENT_COLOR_NAME = AccentColor;
				CODE_SIGN_STYLE = Automatic;
				CURRENT_PROJECT_VERSION = 1;
				GENERATE_INFOPLIST_FILE = YES;
				INFOPLIST_FILE = Homeworx/Info.plist;
				INFOPLIST_KEY_CFBundleDisplayName = Homeworx;
				INFOPLIST_KEY_UIApplicationSupportsIndirectInputEvents = YES;
				INFOPLIST_KEY_UILaunchStoryboardName = LaunchScreen;
				INFOPLIST_KEY_UISupportedInterfaceOrientations_iPad = "UIInterfaceOrientationPortrait UIInterfaceOrientationPortraitUpsideDown UIInterfaceOrientationLandscapeLeft UIInterfaceOrientationLandscapeRight";
				INFOPLIST_KEY_UISupportedInterfaceOrientations_iPhone = "UIInterfaceOrientationPortrait UIInterfaceOrientationLandscapeLeft UIInterfaceOrientationLandscapeRight";
				LD_RUNPATH_SEARCH_PATHS = (
					"$(inherited)",
					"@executable_path/Frameworks",
				);
				MARKETING_VERSION = 1.0;
				PRODUCT_BUNDLE_IDENTIFIER = "mhm-productions.Homeworx";
				PRODUCT_NAME = "$(TARGET_NAME)";
				SWIFT_EMIT_LOC_STRINGS = YES;
				SWIFT_VERSION = 5.0;
				TARGETED_DEVICE_FAMILY = "1,2";
			};
			name = Release;
		};
/* End XCBuildConfiguration section */

/* Begin XCConfigurationList section */
		CE8DB7072A50652900AF73C1 /* Build configuration list for PBXProject "Homeworx" */ = {
			isa = XCConfigurationList;
			buildConfigurations = (
				CE8DB71E2A50652C00AF73C1 /* Debug */,
				CE8DB71F2A50652C00AF73C1 /* Release */,
			);
			defaultConfigurationIsVisible = 0;
			defaultConfigurationName = Release;
		};
		CE8DB7202A50652C00AF73C1 /* Build configuration list for PBXNativeTarget "Homeworx" */ = {
			isa = XCConfigurationList;
			buildConfigurations = (
				CE8DB7212A50652C00AF73C1 /* Debug */,
				CE8DB7222A50652C00AF73C1 /* Release */,
			);
			defaultConfigurationIsVisible = 0;
			defaultConfigurationName = Release;
		};
/* End XCConfigurationList section */
	};
	rootObject = CE8DB7042A50652900AF73C1 /* Project object */;
}
